
Microsoft Visual Studio Solution File, Format Version 12.00
# Visual Studio Version 16
VisualStudioVersion = 25.0.1700.5
MinimumVisualStudioVersion = 10.0.40219.1
Project("{FAE04EC0-301F-11D3-BF4B-00C04F79EFBC}") = "BANQUE_AGRICOLE_IPRES_BACK_END", "BANQUE_AGRICOLE_IPRES_BACK_END\BANQUE_AGRICOLE_IPRES_BACK_END.csproj", "{8E1E664F-0ADD-4487-9017-57E574DC2196}"
EndProject
Global
	GlobalSection(SolutionConfigurationPlatforms) = preSolution
		Debug|Any CPU = Debug|Any CPU
		Release|Any CPU = Release|Any CPU
	EndGlobalSection
	GlobalSection(ProjectConfigurationPlatforms) = postSolution
		{8E1E664F-0ADD-4487-9017-57E574DC2196}.Debug|Any CPU.ActiveCfg = Debug|Any CPU
		{8E1E664F-0ADD-4487-9017-57E574DC2196}.Debug|Any CPU.Build.0 = Debug|Any CPU
		{8E1E664F-0ADD-4487-9017-57E574DC2196}.Release|Any CPU.ActiveCfg = Release|Any CPU
		{8E1E664F-0ADD-4487-9017-57E574DC2196}.Release|Any CPU.Build.0 = Release|Any CPU
	EndGlobalSection
	GlobalSection(SolutionProperties) = preSolution
		HideSolutionNode = FALSE
	EndGlobalSection
	GlobalSection(ExtensibilityGlobals) = postSolution
		SolutionGuid = {73748513-55A3-4829-82E3-CF203CC3CC07}
	EndGlobalSection
EndGlobal
